// !$*UTF8*$!
{
	archiveVersion = 1;
	classes = {
	};
	objectVersion = 46;
	objects = {

/* Begin PBXBuildFile section */
		5C4C41E11C61313C00CAB4EF /* MapKit.framework in Frameworks */ = {isa = PBXBuildFile; fileRef = 5C4C41E01C61313B00CAB4EF /* MapKit.framework */; };
		5C4C41E41C6131ED00CAB4EF /* SWMapViewController.m in Sources */ = {isa = PBXBuildFile; fileRef = 5C4C41E31C6131ED00CAB4EF /* SWMapViewController.m */; };
		7143B62684A31BB230B19119 /* libPods-Simple Weather.a in Frameworks */ = {isa = PBXBuildFile; fileRef = A713A07BDD72A0EA6CE06E70 /* libPods-Simple Weather.a */; };
		89F587CA9B8E595F44996EA1 /* libPods-Simple WeatherUITests.a in Frameworks */ = {isa = PBXBuildFile; fileRef = 835674CDDCA596D1F94491C0 /* libPods-Simple WeatherUITests.a */; };
		8B0ADFE91EE74B3200EC642C /* Reachability.m in Sources */ = {isa = PBXBuildFile; fileRef = 8B0ADFE81EE74B3200EC642C /* Reachability.m */; };
		8B0ADFEB1EE74B3D00EC642C /* countriesToCities.json in Resources */ = {isa = PBXBuildFile; fileRef = 8B0ADFEA1EE74B3D00EC642C /* countriesToCities.json */; };
		8B1C5F541C26A3DB00BE5854 /* main.m in Sources */ = {isa = PBXBuildFile; fileRef = 8B1C5F531C26A3DB00BE5854 /* main.m */; };
		8B1C5F571C26A3DB00BE5854 /* AppDelegate.m in Sources */ = {isa = PBXBuildFile; fileRef = 8B1C5F561C26A3DB00BE5854 /* AppDelegate.m */; };
		8B1C5F5A1C26A3DB00BE5854 /* SWMainViewController.m in Sources */ = {isa = PBXBuildFile; fileRef = 8B1C5F591C26A3DB00BE5854 /* SWMainViewController.m */; };
		8B1C5F5F1C26A3DB00BE5854 /* Assets.xcassets in Resources */ = {isa = PBXBuildFile; fileRef = 8B1C5F5E1C26A3DB00BE5854 /* Assets.xcassets */; };
		8B1C5F6D1C26A3DB00BE5854 /* Simple_WeatherTests.m in Sources */ = {isa = PBXBuildFile; fileRef = 8B1C5F6C1C26A3DB00BE5854 /* Simple_WeatherTests.m */; };
		8B1C5F781C26A3DB00BE5854 /* Simple_WeatherUITests.m in Sources */ = {isa = PBXBuildFile; fileRef = 8B1C5F771C26A3DB00BE5854 /* Simple_WeatherUITests.m */; };
		8B2FA1011EE5CEC800469A1C /* SWTableViewController.m in Sources */ = {isa = PBXBuildFile; fileRef = 8B2FA1001EE5CEC800469A1C /* SWTableViewController.m */; };
		8B2FA1041EE5CF5300469A1C /* SWViewController.m in Sources */ = {isa = PBXBuildFile; fileRef = 8B2FA1031EE5CF5300469A1C /* SWViewController.m */; };
		8B554CCD1C68EF4A0009CC67 /* LaunchScreen.storyboard in Resources */ = {isa = PBXBuildFile; fileRef = 8B554CC91C68EF4A0009CC67 /* LaunchScreen.storyboard */; };
		8B554CCE1C68EF4A0009CC67 /* Main.storyboard in Resources */ = {isa = PBXBuildFile; fileRef = 8B554CCB1C68EF4A0009CC67 /* Main.storyboard */; };
		DE1F8873B4D3B0D86BC86FA6 /* libPods-Simple WeatherTests.a in Frameworks */ = {isa = PBXBuildFile; fileRef = 38322BCD694B6FBB55650D99 /* libPods-Simple WeatherTests.a */; };
/* End PBXBuildFile section */

/* Begin PBXContainerItemProxy section */
		8B1C5F691C26A3DB00BE5854 /* PBXContainerItemProxy */ = {
			isa = PBXContainerItemProxy;
			containerPortal = 8B1C5F471C26A3DB00BE5854 /* Project object */;
			proxyType = 1;
			remoteGlobalIDString = 8B1C5F4E1C26A3DB00BE5854;
			remoteInfo = "Simple Weather";
		};
		8B1C5F741C26A3DB00BE5854 /* PBXContainerItemProxy */ = {
			isa = PBXContainerItemProxy;
			containerPortal = 8B1C5F471C26A3DB00BE5854 /* Project object */;
			proxyType = 1;
			remoteGlobalIDString = 8B1C5F4E1C26A3DB00BE5854;
			remoteInfo = "Simple Weather";
		};
/* End PBXContainerItemProxy section */

/* Begin PBXFileReference section */
		24FA68DB86D44DB6B7CDA99A /* Pods-Simple WeatherTests.debug.xcconfig */ = {isa = PBXFileReference; includeInIndex = 1; lastKnownFileType = text.xcconfig; name = "Pods-Simple WeatherTests.debug.xcconfig"; path = "Pods/Target Support Files/Pods-Simple WeatherTests/Pods-Simple WeatherTests.debug.xcconfig"; sourceTree = "<group>"; };
		2FF358C97CDA79DA99DDAAAF /* Pods-Simple Weather.release.xcconfig */ = {isa = PBXFileReference; includeInIndex = 1; lastKnownFileType = text.xcconfig; name = "Pods-Simple Weather.release.xcconfig"; path = "Pods/Target Support Files/Pods-Simple Weather/Pods-Simple Weather.release.xcconfig"; sourceTree = "<group>"; };
		3327A8B709DDA3686BB97682 /* Pods-Simple WeatherUITests.release.xcconfig */ = {isa = PBXFileReference; includeInIndex = 1; lastKnownFileType = text.xcconfig; name = "Pods-Simple WeatherUITests.release.xcconfig"; path = "Pods/Target Support Files/Pods-Simple WeatherUITests/Pods-Simple WeatherUITests.release.xcconfig"; sourceTree = "<group>"; };
		38322BCD694B6FBB55650D99 /* libPods-Simple WeatherTests.a */ = {isa = PBXFileReference; explicitFileType = archive.ar; includeInIndex = 0; path = "libPods-Simple WeatherTests.a"; sourceTree = BUILT_PRODUCTS_DIR; };
		4A40D4C7D93CD0633A5A77F4 /* Pods-Simple WeatherTests.release.xcconfig */ = {isa = PBXFileReference; includeInIndex = 1; lastKnownFileType = text.xcconfig; name = "Pods-Simple WeatherTests.release.xcconfig"; path = "Pods/Target Support Files/Pods-Simple WeatherTests/Pods-Simple WeatherTests.release.xcconfig"; sourceTree = "<group>"; };
		5C4C41E01C61313B00CAB4EF /* MapKit.framework */ = {isa = PBXFileReference; lastKnownFileType = wrapper.framework; name = MapKit.framework; path = System/Library/Frameworks/MapKit.framework; sourceTree = SDKROOT; };
		5C4C41E21C6131ED00CAB4EF /* SWMapViewController.h */ = {isa = PBXFileReference; fileEncoding = 4; lastKnownFileType = sourcecode.c.h; path = SWMapViewController.h; sourceTree = "<group>"; };
		5C4C41E31C6131ED00CAB4EF /* SWMapViewController.m */ = {isa = PBXFileReference; fileEncoding = 4; lastKnownFileType = sourcecode.c.objc; path = SWMapViewController.m; sourceTree = "<group>"; };
		835674CDDCA596D1F94491C0 /* libPods-Simple WeatherUITests.a */ = {isa = PBXFileReference; explicitFileType = archive.ar; includeInIndex = 0; path = "libPods-Simple WeatherUITests.a"; sourceTree = BUILT_PRODUCTS_DIR; };
		8B0ADFE71EE74B3200EC642C /* Reachability.h */ = {isa = PBXFileReference; fileEncoding = 4; lastKnownFileType = sourcecode.c.h; path = Reachability.h; sourceTree = SOURCE_ROOT; };
		8B0ADFE81EE74B3200EC642C /* Reachability.m */ = {isa = PBXFileReference; fileEncoding = 4; lastKnownFileType = sourcecode.c.objc; path = Reachability.m; sourceTree = SOURCE_ROOT; };
		8B0ADFEA1EE74B3D00EC642C /* countriesToCities.json */ = {isa = PBXFileReference; fileEncoding = 4; lastKnownFileType = text.json; path = countriesToCities.json; sourceTree = SOURCE_ROOT; };
		8B1C5F4F1C26A3DB00BE5854 /* Simple Weather.app */ = {isa = PBXFileReference; explicitFileType = wrapper.application; includeInIndex = 0; path = "Simple Weather.app"; sourceTree = BUILT_PRODUCTS_DIR; };
		8B1C5F531C26A3DB00BE5854 /* main.m */ = {isa = PBXFileReference; lastKnownFileType = sourcecode.c.objc; path = main.m; sourceTree = "<group>"; };
		8B1C5F551C26A3DB00BE5854 /* AppDelegate.h */ = {isa = PBXFileReference; lastKnownFileType = sourcecode.c.h; path = AppDelegate.h; sourceTree = "<group>"; };
		8B1C5F561C26A3DB00BE5854 /* AppDelegate.m */ = {isa = PBXFileReference; lastKnownFileType = sourcecode.c.objc; path = AppDelegate.m; sourceTree = "<group>"; };
		8B1C5F581C26A3DB00BE5854 /* SWMainViewController.h */ = {isa = PBXFileReference; lastKnownFileType = sourcecode.c.h; path = SWMainViewController.h; sourceTree = "<group>"; };
		8B1C5F591C26A3DB00BE5854 /* SWMainViewController.m */ = {isa = PBXFileReference; lastKnownFileType = sourcecode.c.objc; path = SWMainViewController.m; sourceTree = "<group>"; };
		8B1C5F5E1C26A3DB00BE5854 /* Assets.xcassets */ = {isa = PBXFileReference; lastKnownFileType = folder.assetcatalog; path = Assets.xcassets; sourceTree = "<group>"; };
		8B1C5F631C26A3DB00BE5854 /* Info.plist */ = {isa = PBXFileReference; lastKnownFileType = text.plist.xml; path = Info.plist; sourceTree = "<group>"; };
		8B1C5F681C26A3DB00BE5854 /* Simple WeatherTests.xctest */ = {isa = PBXFileReference; explicitFileType = wrapper.cfbundle; includeInIndex = 0; path = "Simple WeatherTests.xctest"; sourceTree = BUILT_PRODUCTS_DIR; };
		8B1C5F6C1C26A3DB00BE5854 /* Simple_WeatherTests.m */ = {isa = PBXFileReference; lastKnownFileType = sourcecode.c.objc; path = Simple_WeatherTests.m; sourceTree = "<group>"; };
		8B1C5F6E1C26A3DB00BE5854 /* Info.plist */ = {isa = PBXFileReference; lastKnownFileType = text.plist.xml; path = Info.plist; sourceTree = "<group>"; };
		8B1C5F731C26A3DB00BE5854 /* Simple WeatherUITests.xctest */ = {isa = PBXFileReference; explicitFileType = wrapper.cfbundle; includeInIndex = 0; path = "Simple WeatherUITests.xctest"; sourceTree = BUILT_PRODUCTS_DIR; };
		8B1C5F771C26A3DB00BE5854 /* Simple_WeatherUITests.m */ = {isa = PBXFileReference; lastKnownFileType = sourcecode.c.objc; path = Simple_WeatherUITests.m; sourceTree = "<group>"; };
		8B1C5F791C26A3DB00BE5854 /* Info.plist */ = {isa = PBXFileReference; lastKnownFileType = text.plist.xml; path = Info.plist; sourceTree = "<group>"; };
		8B2FA0FF1EE5CEC800469A1C /* SWTableViewController.h */ = {isa = PBXFileReference; fileEncoding = 4; lastKnownFileType = sourcecode.c.h; path = SWTableViewController.h; sourceTree = "<group>"; };
		8B2FA1001EE5CEC800469A1C /* SWTableViewController.m */ = {isa = PBXFileReference; fileEncoding = 4; lastKnownFileType = sourcecode.c.objc; path = SWTableViewController.m; sourceTree = "<group>"; };
		8B2FA1021EE5CF5300469A1C /* SWViewController.h */ = {isa = PBXFileReference; fileEncoding = 4; lastKnownFileType = sourcecode.c.h; path = SWViewController.h; sourceTree = "<group>"; };
		8B2FA1031EE5CF5300469A1C /* SWViewController.m */ = {isa = PBXFileReference; fileEncoding = 4; lastKnownFileType = sourcecode.c.objc; path = SWViewController.m; sourceTree = "<group>"; };
		8B554CCA1C68EF4A0009CC67 /* Base */ = {isa = PBXFileReference; lastKnownFileType = file.storyboard; name = Base; path = "Simple Weather/Base.lproj/LaunchScreen.storyboard"; sourceTree = "<group>"; };
		8B554CCC1C68EF4A0009CC67 /* Base */ = {isa = PBXFileReference; lastKnownFileType = file.storyboard; name = Base; path = "Simple Weather/Base.lproj/Main.storyboard"; sourceTree = "<group>"; };
		99C7DB8D5B070CD101DEA993 /* Pods-Simple WeatherUITests.debug.xcconfig */ = {isa = PBXFileReference; includeInIndex = 1; lastKnownFileType = text.xcconfig; name = "Pods-Simple WeatherUITests.debug.xcconfig"; path = "Pods/Target Support Files/Pods-Simple WeatherUITests/Pods-Simple WeatherUITests.debug.xcconfig"; sourceTree = "<group>"; };
		A713A07BDD72A0EA6CE06E70 /* libPods-Simple Weather.a */ = {isa = PBXFileReference; explicitFileType = archive.ar; includeInIndex = 0; path = "libPods-Simple Weather.a"; sourceTree = BUILT_PRODUCTS_DIR; };
		EBEDCEEA65607095847D88F0 /* Pods-Simple Weather.debug.xcconfig */ = {isa = PBXFileReference; includeInIndex = 1; lastKnownFileType = text.xcconfig; name = "Pods-Simple Weather.debug.xcconfig"; path = "Pods/Target Support Files/Pods-Simple Weather/Pods-Simple Weather.debug.xcconfig"; sourceTree = "<group>"; };
/* End PBXFileReference section */

/* Begin PBXFrameworksBuildPhase section */
		8B1C5F4C1C26A3DB00BE5854 /* Frameworks */ = {
			isa = PBXFrameworksBuildPhase;
			buildActionMask = 2147483647;
			files = (
				5C4C41E11C61313C00CAB4EF /* MapKit.framework in Frameworks */,
				7143B62684A31BB230B19119 /* libPods-Simple Weather.a in Frameworks */,
			);
			runOnlyForDeploymentPostprocessing = 0;
		};
		8B1C5F651C26A3DB00BE5854 /* Frameworks */ = {
			isa = PBXFrameworksBuildPhase;
			buildActionMask = 2147483647;
			files = (
				DE1F8873B4D3B0D86BC86FA6 /* libPods-Simple WeatherTests.a in Frameworks */,
			);
			runOnlyForDeploymentPostprocessing = 0;
		};
		8B1C5F701C26A3DB00BE5854 /* Frameworks */ = {
			isa = PBXFrameworksBuildPhase;
			buildActionMask = 2147483647;
			files = (
				89F587CA9B8E595F44996EA1 /* libPods-Simple WeatherUITests.a in Frameworks */,
			);
			runOnlyForDeploymentPostprocessing = 0;
		};
/* End PBXFrameworksBuildPhase section */

/* Begin PBXGroup section */
		5689BA005DB15F34E0ECB7E7 /* Pods */ = {
			isa = PBXGroup;
			children = (
				EBEDCEEA65607095847D88F0 /* Pods-Simple Weather.debug.xcconfig */,
				2FF358C97CDA79DA99DDAAAF /* Pods-Simple Weather.release.xcconfig */,
				24FA68DB86D44DB6B7CDA99A /* Pods-Simple WeatherTests.debug.xcconfig */,
				4A40D4C7D93CD0633A5A77F4 /* Pods-Simple WeatherTests.release.xcconfig */,
				99C7DB8D5B070CD101DEA993 /* Pods-Simple WeatherUITests.debug.xcconfig */,
				3327A8B709DDA3686BB97682 /* Pods-Simple WeatherUITests.release.xcconfig */,
			);
			name = Pods;
			sourceTree = "<group>";
		};
		6D7843553F89373E540C42E4 /* Frameworks */ = {
			isa = PBXGroup;
			children = (
				A713A07BDD72A0EA6CE06E70 /* libPods-Simple Weather.a */,
				38322BCD694B6FBB55650D99 /* libPods-Simple WeatherTests.a */,
				835674CDDCA596D1F94491C0 /* libPods-Simple WeatherUITests.a */,
			);
			name = Frameworks;
			sourceTree = "<group>";
		};
		8B1C5F461C26A3DB00BE5854 = {
			isa = PBXGroup;
			children = (
				5C4C41E01C61313B00CAB4EF /* MapKit.framework */,
				8B1C5F511C26A3DB00BE5854 /* Simple Weather */,
				8B1C5F6B1C26A3DB00BE5854 /* Simple WeatherTests */,
				8B1C5F761C26A3DB00BE5854 /* Simple WeatherUITests */,
				8B1C5F501C26A3DB00BE5854 /* Products */,
				5689BA005DB15F34E0ECB7E7 /* Pods */,
				6D7843553F89373E540C42E4 /* Frameworks */,
			);
			sourceTree = "<group>";
			usesTabs = 0;
		};
		8B1C5F501C26A3DB00BE5854 /* Products */ = {
			isa = PBXGroup;
			children = (
				8B1C5F4F1C26A3DB00BE5854 /* Simple Weather.app */,
				8B1C5F681C26A3DB00BE5854 /* Simple WeatherTests.xctest */,
				8B1C5F731C26A3DB00BE5854 /* Simple WeatherUITests.xctest */,
			);
			name = Products;
			sourceTree = "<group>";
		};
		8B1C5F511C26A3DB00BE5854 /* Simple Weather */ = {
			isa = PBXGroup;
			children = (
				8B2FA10A1EE5DC7B00469A1C /* StartVC */,
				8B719F5A1EE72FC2002AC529 /* TabelVC */,
				8B2FA1091EE5DC4900469A1C /* WeatherVC */,
				8B2FA10B1EE5DC9700469A1C /* MapVC */,
				8B1C5F5E1C26A3DB00BE5854 /* Assets.xcassets */,
				8B2FA10C1EE5DCAD00469A1C /* StandartFile */,
				8B1C5F521C26A3DB00BE5854 /* Supporting Files */,
			);
			path = "Simple Weather";
			sourceTree = "<group>";
		};
		8B1C5F521C26A3DB00BE5854 /* Supporting Files */ = {
			isa = PBXGroup;
			children = (
				8B0ADFEA1EE74B3D00EC642C /* countriesToCities.json */,
				8B0ADFE71EE74B3200EC642C /* Reachability.h */,
				8B0ADFE81EE74B3200EC642C /* Reachability.m */,
				8B1C5F531C26A3DB00BE5854 /* main.m */,
			);
			name = "Supporting Files";
			sourceTree = "<group>";
		};
		8B1C5F6B1C26A3DB00BE5854 /* Simple WeatherTests */ = {
			isa = PBXGroup;
			children = (
				8B1C5F6C1C26A3DB00BE5854 /* Simple_WeatherTests.m */,
				8B1C5F6E1C26A3DB00BE5854 /* Info.plist */,
			);
			path = "Simple WeatherTests";
			sourceTree = "<group>";
		};
		8B1C5F761C26A3DB00BE5854 /* Simple WeatherUITests */ = {
			isa = PBXGroup;
			children = (
				8B1C5F771C26A3DB00BE5854 /* Simple_WeatherUITests.m */,
				8B1C5F791C26A3DB00BE5854 /* Info.plist */,
			);
			path = "Simple WeatherUITests";
			sourceTree = "<group>";
		};
		8B2FA1091EE5DC4900469A1C /* WeatherVC */ = {
			isa = PBXGroup;
			children = (
				8B1C5F581C26A3DB00BE5854 /* SWMainViewController.h */,
				8B1C5F591C26A3DB00BE5854 /* SWMainViewController.m */,
			);
			name = WeatherVC;
			sourceTree = "<group>";
		};
		8B2FA10A1EE5DC7B00469A1C /* StartVC */ = {
			isa = PBXGroup;
			children = (
				8B2FA1021EE5CF5300469A1C /* SWViewController.h */,
				8B2FA1031EE5CF5300469A1C /* SWViewController.m */,
			);
			name = StartVC;
			sourceTree = "<group>";
		};
		8B2FA10B1EE5DC9700469A1C /* MapVC */ = {
			isa = PBXGroup;
			children = (
				5C4C41E21C6131ED00CAB4EF /* SWMapViewController.h */,
				5C4C41E31C6131ED00CAB4EF /* SWMapViewController.m */,
			);
			name = MapVC;
			sourceTree = "<group>";
		};
		8B2FA10C1EE5DCAD00469A1C /* StandartFile */ = {
			isa = PBXGroup;
			children = (
				8B1C5F551C26A3DB00BE5854 /* AppDelegate.h */,
				8B1C5F561C26A3DB00BE5854 /* AppDelegate.m */,
				8B1C5F631C26A3DB00BE5854 /* Info.plist */,
				8B554CCB1C68EF4A0009CC67 /* Main.storyboard */,
				8B554CC91C68EF4A0009CC67 /* LaunchScreen.storyboard */,
			);
			name = StandartFile;
			sourceTree = "<group>";
		};
		8B719F5A1EE72FC2002AC529 /* TabelVC */ = {
			isa = PBXGroup;
			children = (
				8B2FA0FF1EE5CEC800469A1C /* SWTableViewController.h */,
				8B2FA1001EE5CEC800469A1C /* SWTableViewController.m */,
			);
			name = TabelVC;
			sourceTree = "<group>";
		};
/* End PBXGroup section */

/* Begin PBXNativeTarget section */
		8B1C5F4E1C26A3DB00BE5854 /* Simple Weather */ = {
			isa = PBXNativeTarget;
			buildConfigurationList = 8B1C5F7C1C26A3DB00BE5854 /* Build configuration list for PBXNativeTarget "Simple Weather" */;
			buildPhases = (
				5A35DE5716FC5C9A9205AD81 /* [CP] Check Pods Manifest.lock */,
				8B1C5F4B1C26A3DB00BE5854 /* Sources */,
				8B1C5F4C1C26A3DB00BE5854 /* Frameworks */,
				8B1C5F4D1C26A3DB00BE5854 /* Resources */,
				170949F4B98AF4BB553AC3FE /* [CP] Embed Pods Frameworks */,
				15ED04DAE71AE8A4B166A4A1 /* [CP] Copy Pods Resources */,
			);
			buildRules = (
			);
			dependencies = (
			);
			name = "Simple Weather";
			productName = "Simple Weather";
			productReference = 8B1C5F4F1C26A3DB00BE5854 /* Simple Weather.app */;
			productType = "com.apple.product-type.application";
		};
		8B1C5F671C26A3DB00BE5854 /* Simple WeatherTests */ = {
			isa = PBXNativeTarget;
			buildConfigurationList = 8B1C5F7F1C26A3DB00BE5854 /* Build configuration list for PBXNativeTarget "Simple WeatherTests" */;
			buildPhases = (
				69BF4E22678980A65686BC31 /* [CP] Check Pods Manifest.lock */,
				8B1C5F641C26A3DB00BE5854 /* Sources */,
				8B1C5F651C26A3DB00BE5854 /* Frameworks */,
				8B1C5F661C26A3DB00BE5854 /* Resources */,
				A7DDEE524204D25A2C04BC7B /* [CP] Embed Pods Frameworks */,
				960658D1C4BB523A0A8B0548 /* [CP] Copy Pods Resources */,
			);
			buildRules = (
			);
			dependencies = (
				8B1C5F6A1C26A3DB00BE5854 /* PBXTargetDependency */,
			);
			name = "Simple WeatherTests";
			productName = "Simple WeatherTests";
			productReference = 8B1C5F681C26A3DB00BE5854 /* Simple WeatherTests.xctest */;
			productType = "com.apple.product-type.bundle.unit-test";
		};
		8B1C5F721C26A3DB00BE5854 /* Simple WeatherUITests */ = {
			isa = PBXNativeTarget;
			buildConfigurationList = 8B1C5F821C26A3DB00BE5854 /* Build configuration list for PBXNativeTarget "Simple WeatherUITests" */;
			buildPhases = (
				43CE04A18D9E75AD9C3254C9 /* [CP] Check Pods Manifest.lock */,
				8B1C5F6F1C26A3DB00BE5854 /* Sources */,
				8B1C5F701C26A3DB00BE5854 /* Frameworks */,
				8B1C5F711C26A3DB00BE5854 /* Resources */,
				059FDB9ED7F6063D42540F63 /* [CP] Embed Pods Frameworks */,
				86AEFE3202F2912FE19E5BDC /* [CP] Copy Pods Resources */,
			);
			buildRules = (
			);
			dependencies = (
				8B1C5F751C26A3DB00BE5854 /* PBXTargetDependency */,
			);
			name = "Simple WeatherUITests";
			productName = "Simple WeatherUITests";
			productReference = 8B1C5F731C26A3DB00BE5854 /* Simple WeatherUITests.xctest */;
			productType = "com.apple.product-type.bundle.ui-testing";
		};
/* End PBXNativeTarget section */

/* Begin PBXProject section */
		8B1C5F471C26A3DB00BE5854 /* Project object */ = {
			isa = PBXProject;
			attributes = {
				CLASSPREFIX = SW;
				LastUpgradeCheck = 0720;
				ORGANIZATIONNAME = "Stolyarenko K.S.";
				TargetAttributes = {
					8B1C5F4E1C26A3DB00BE5854 = {
						CreatedOnToolsVersion = 7.2;
						DevelopmentTeam = 487D8YHE27;
					};
					8B1C5F671C26A3DB00BE5854 = {
						CreatedOnToolsVersion = 7.2;
						DevelopmentTeam = 487D8YHE27;
						TestTargetID = 8B1C5F4E1C26A3DB00BE5854;
					};
					8B1C5F721C26A3DB00BE5854 = {
						CreatedOnToolsVersion = 7.2;
						DevelopmentTeam = 487D8YHE27;
						TestTargetID = 8B1C5F4E1C26A3DB00BE5854;
					};
				};
			};
			buildConfigurationList = 8B1C5F4A1C26A3DB00BE5854 /* Build configuration list for PBXProject "Simple Weather" */;
			compatibilityVersion = "Xcode 3.2";
			developmentRegion = English;
			hasScannedForEncodings = 0;
			knownRegions = (
				en,
				Base,
			);
			mainGroup = 8B1C5F461C26A3DB00BE5854;
			productRefGroup = 8B1C5F501C26A3DB00BE5854 /* Products */;
			projectDirPath = "";
			projectRoot = "";
			targets = (
				8B1C5F4E1C26A3DB00BE5854 /* Simple Weather */,
				8B1C5F671C26A3DB00BE5854 /* Simple WeatherTests */,
				8B1C5F721C26A3DB00BE5854 /* Simple WeatherUITests */,
			);
		};
/* End PBXProject section */

/* Begin PBXResourcesBuildPhase section */
		8B1C5F4D1C26A3DB00BE5854 /* Resources */ = {
			isa = PBXResourcesBuildPhase;
			buildActionMask = 2147483647;
			files = (
				8B554CCE1C68EF4A0009CC67 /* Main.storyboard in Resources */,
				8B1C5F5F1C26A3DB00BE5854 /* Assets.xcassets in Resources */,
				8B0ADFEB1EE74B3D00EC642C /* countriesToCities.json in Resources */,
				8B554CCD1C68EF4A0009CC67 /* LaunchScreen.storyboard in Resources */,
			);
			runOnlyForDeploymentPostprocessing = 0;
		};
		8B1C5F661C26A3DB00BE5854 /* Resources */ = {
			isa = PBXResourcesBuildPhase;
			buildActionMask = 2147483647;
			files = (
			);
			runOnlyForDeploymentPostprocessing = 0;
		};
		8B1C5F711C26A3DB00BE5854 /* Resources */ = {
			isa = PBXResourcesBuildPhase;
			buildActionMask = 2147483647;
			files = (
			);
			runOnlyForDeploymentPostprocessing = 0;
		};
/* End PBXResourcesBuildPhase section */

/* Begin PBXShellScriptBuildPhase section */
		059FDB9ED7F6063D42540F63 /* [CP] Embed Pods Frameworks */ = {
			isa = PBXShellScriptBuildPhase;
			buildActionMask = 2147483647;
			files = (
			);
			inputPaths = (
			);
			name = "[CP] Embed Pods Frameworks";
			outputPaths = (
			);
			runOnlyForDeploymentPostprocessing = 0;
			shellPath = /bin/sh;
			shellScript = "\"${SRCROOT}/Pods/Target Support Files/Pods-Simple WeatherUITests/Pods-Simple WeatherUITests-frameworks.sh\"\n";
			showEnvVarsInLog = 0;
		};
		15ED04DAE71AE8A4B166A4A1 /* [CP] Copy Pods Resources */ = {
			isa = PBXShellScriptBuildPhase;
			buildActionMask = 2147483647;
			files = (
			);
			inputPaths = (
			);
			name = "[CP] Copy Pods Resources";
			outputPaths = (
			);
			runOnlyForDeploymentPostprocessing = 0;
			shellPath = /bin/sh;
			shellScript = "\"${SRCROOT}/Pods/Target Support Files/Pods-Simple Weather/Pods-Simple Weather-resources.sh\"\n";
			showEnvVarsInLog = 0;
		};
		170949F4B98AF4BB553AC3FE /* [CP] Embed Pods Frameworks */ = {
			isa = PBXShellScriptBuildPhase;
			buildActionMask = 2147483647;
			files = (
			);
			inputPaths = (
			);
			name = "[CP] Embed Pods Frameworks";
			outputPaths = (
			);
			runOnlyForDeploymentPostprocessing = 0;
			shellPath = /bin/sh;
			shellScript = "\"${SRCROOT}/Pods/Target Support Files/Pods-Simple Weather/Pods-Simple Weather-frameworks.sh\"\n";
			showEnvVarsInLog = 0;
		};
		43CE04A18D9E75AD9C3254C9 /* [CP] Check Pods Manifest.lock */ = {
			isa = PBXShellScriptBuildPhase;
			buildActionMask = 2147483647;
			files = (
			);
			inputPaths = (
			);
			name = "[CP] Check Pods Manifest.lock";
			outputPaths = (
			);
			runOnlyForDeploymentPostprocessing = 0;
			shellPath = /bin/sh;
			shellScript = "diff \"${PODS_PODFILE_DIR_PATH}/Podfile.lock\" \"${PODS_ROOT}/Manifest.lock\" > /dev/null\nif [ $? != 0 ] ; then\n    # print error to STDERR\n    echo \"error: The sandbox is not in sync with the Podfile.lock. Run 'pod install' or update your CocoaPods installation.\" >&2\n    exit 1\nfi\n";
			showEnvVarsInLog = 0;
		};
		5A35DE5716FC5C9A9205AD81 /* [CP] Check Pods Manifest.lock */ = {
			isa = PBXShellScriptBuildPhase;
			buildActionMask = 2147483647;
			files = (
			);
			inputPaths = (
			);
			name = "[CP] Check Pods Manifest.lock";
			outputPaths = (
			);
			runOnlyForDeploymentPostprocessing = 0;
			shellPath = /bin/sh;
			shellScript = "diff \"${PODS_PODFILE_DIR_PATH}/Podfile.lock\" \"${PODS_ROOT}/Manifest.lock\" > /dev/null\nif [ $? != 0 ] ; then\n    # print error to STDERR\n    echo \"error: The sandbox is not in sync with the Podfile.lock. Run 'pod install' or update your CocoaPods installation.\" >&2\n    exit 1\nfi\n";
			showEnvVarsInLog = 0;
		};
		69BF4E22678980A65686BC31 /* [CP] Check Pods Manifest.lock */ = {
			isa = PBXShellScriptBuildPhase;
			buildActionMask = 2147483647;
			files = (
			);
			inputPaths = (
			);
			name = "[CP] Check Pods Manifest.lock";
			outputPaths = (
			);
			runOnlyForDeploymentPostprocessing = 0;
			shellPath = /bin/sh;
			shellScript = "diff \"${PODS_PODFILE_DIR_PATH}/Podfile.lock\" \"${PODS_ROOT}/Manifest.lock\" > /dev/null\nif [ $? != 0 ] ; then\n    # print error to STDERR\n    echo \"error: The sandbox is not in sync with the Podfile.lock. Run 'pod install' or update your CocoaPods installation.\" >&2\n    exit 1\nfi\n";
			showEnvVarsInLog = 0;
		};
		86AEFE3202F2912FE19E5BDC /* [CP] Copy Pods Resources */ = {
			isa = PBXShellScriptBuildPhase;
			buildActionMask = 2147483647;
			files = (
			);
			inputPaths = (
			);
			name = "[CP] Copy Pods Resources";
			outputPaths = (
			);
			runOnlyForDeploymentPostprocessing = 0;
			shellPath = /bin/sh;
			shellScript = "\"${SRCROOT}/Pods/Target Support Files/Pods-Simple WeatherUITests/Pods-Simple WeatherUITests-resources.sh\"\n";
			showEnvVarsInLog = 0;
		};
		960658D1C4BB523A0A8B0548 /* [CP] Copy Pods Resources */ = {
			isa = PBXShellScriptBuildPhase;
			buildActionMask = 2147483647;
			files = (
			);
			inputPaths = (
			);
			name = "[CP] Copy Pods Resources";
			outputPaths = (
			);
			runOnlyForDeploymentPostprocessing = 0;
			shellPath = /bin/sh;
			shellScript = "\"${SRCROOT}/Pods/Target Support Files/Pods-Simple WeatherTests/Pods-Simple WeatherTests-resources.sh\"\n";
			showEnvVarsInLog = 0;
		};
		A7DDEE524204D25A2C04BC7B /* [CP] Embed Pods Frameworks */ = {
			isa = PBXShellScriptBuildPhase;
			buildActionMask = 2147483647;
			files = (
			);
			inputPaths = (
			);
			name = "[CP] Embed Pods Frameworks";
			outputPaths = (
			);
			runOnlyForDeploymentPostprocessing = 0;
			shellPath = /bin/sh;
			shellScript = "\"${SRCROOT}/Pods/Target Support Files/Pods-Simple WeatherTests/Pods-Simple WeatherTests-frameworks.sh\"\n";
			showEnvVarsInLog = 0;
		};
/* End PBXShellScriptBuildPhase section */

/* Begin PBXSourcesBuildPhase section */
		8B1C5F4B1C26A3DB00BE5854 /* Sources */ = {
			isa = PBXSourcesBuildPhase;
			buildActionMask = 2147483647;
			files = (
				8B2FA1041EE5CF5300469A1C /* SWViewController.m in Sources */,
				8B1C5F5A1C26A3DB00BE5854 /* SWMainViewController.m in Sources */,
				8B1C5F571C26A3DB00BE5854 /* AppDelegate.m in Sources */,
				8B0ADFE91EE74B3200EC642C /* Reachability.m in Sources */,
				8B2FA1011EE5CEC800469A1C /* SWTableViewController.m in Sources */,
				8B1C5F541C26A3DB00BE5854 /* main.m in Sources */,
				5C4C41E41C6131ED00CAB4EF /* SWMapViewController.m in Sources */,
			);
			runOnlyForDeploymentPostprocessing = 0;
		};
		8B1C5F641C26A3DB00BE5854 /* Sources */ = {
			isa = PBXSourcesBuildPhase;
			buildActionMask = 2147483647;
			files = (
				8B1C5F6D1C26A3DB00BE5854 /* Simple_WeatherTests.m in Sources */,
			);
			runOnlyForDeploymentPostprocessing = 0;
		};
		8B1C5F6F1C26A3DB00BE5854 /* Sources */ = {
			isa = PBXSourcesBuildPhase;
			buildActionMask = 2147483647;
			files = (
				8B1C5F781C26A3DB00BE5854 /* Simple_WeatherUITests.m in Sources */,
			);
			runOnlyForDeploymentPostprocessing = 0;
		};
/* End PBXSourcesBuildPhase section */

/* Begin PBXTargetDependency section */
		8B1C5F6A1C26A3DB00BE5854 /* PBXTargetDependency */ = {
			isa = PBXTargetDependency;
			target = 8B1C5F4E1C26A3DB00BE5854 /* Simple Weather */;
			targetProxy = 8B1C5F691C26A3DB00BE5854 /* PBXContainerItemProxy */;
		};
		8B1C5F751C26A3DB00BE5854 /* PBXTargetDependency */ = {
			isa = PBXTargetDependency;
			target = 8B1C5F4E1C26A3DB00BE5854 /* Simple Weather */;
			targetProxy = 8B1C5F741C26A3DB00BE5854 /* PBXContainerItemProxy */;
		};
/* End PBXTargetDependency section */

/* Begin PBXVariantGroup section */
		8B554CC91C68EF4A0009CC67 /* LaunchScreen.storyboard */ = {
			isa = PBXVariantGroup;
			children = (
				8B554CCA1C68EF4A0009CC67 /* Base */,
			);
			name = LaunchScreen.storyboard;
			path = ..;
			sourceTree = "<group>";
		};
		8B554CCB1C68EF4A0009CC67 /* Main.storyboard */ = {
			isa = PBXVariantGroup;
			children = (
				8B554CCC1C68EF4A0009CC67 /* Base */,
			);
			name = Main.storyboard;
			path = ..;
			sourceTree = "<group>";
		};
/* End PBXVariantGroup section */

/* Begin XCBuildConfiguration section */
		8B1C5F7A1C26A3DB00BE5854 /* Debug */ = {
			isa = XCBuildConfiguration;
			buildSettings = {
				ALWAYS_SEARCH_USER_PATHS = NO;
				CLANG_CXX_LANGUAGE_STANDARD = "gnu++0x";
				CLANG_CXX_LIBRARY = "libc++";
				CLANG_ENABLE_MODULES = YES;
				CLANG_ENABLE_OBJC_ARC = YES;
				CLANG_WARN_BOOL_CONVERSION = YES;
				CLANG_WARN_CONSTANT_CONVERSION = YES;
				CLANG_WARN_DIRECT_OBJC_ISA_USAGE = YES_ERROR;
				CLANG_WARN_EMPTY_BODY = YES;
				CLANG_WARN_ENUM_CONVERSION = YES;
				CLANG_WARN_INT_CONVERSION = YES;
				CLANG_WARN_OBJC_ROOT_CLASS = YES_ERROR;
				CLANG_WARN_UNREACHABLE_CODE = YES;
				CLANG_WARN__DUPLICATE_METHOD_MATCH = YES;
				"CODE_SIGN_IDENTITY[sdk=iphoneos*]" = "iPhone Developer";
				COPY_PHASE_STRIP = NO;
				DEBUG_INFORMATION_FORMAT = dwarf;
				ENABLE_STRICT_OBJC_MSGSEND = YES;
				ENABLE_TESTABILITY = YES;
				GCC_C_LANGUAGE_STANDARD = gnu99;
				GCC_DYNAMIC_NO_PIC = NO;
				GCC_NO_COMMON_BLOCKS = YES;
				GCC_OPTIMIZATION_LEVEL = 0;
				GCC_PREPROCESSOR_DEFINITIONS = (
					"DEBUG=1",
					"$(inherited)",
				);
				GCC_WARN_64_TO_32_BIT_CONVERSION = YES;
				GCC_WARN_ABOUT_RETURN_TYPE = YES_ERROR;
				GCC_WARN_UNDECLARED_SELECTOR = YES;
				GCC_WARN_UNINITIALIZED_AUTOS = YES_AGGRESSIVE;
				GCC_WARN_UNUSED_FUNCTION = YES;
				GCC_WARN_UNUSED_VARIABLE = YES;
				IPHONEOS_DEPLOYMENT_TARGET = 9.2;
				MTL_ENABLE_DEBUG_INFO = YES;
				ONLY_ACTIVE_ARCH = YES;
				SDKROOT = iphoneos;
			};
			name = Debug;
		};
		8B1C5F7B1C26A3DB00BE5854 /* Release */ = {
			isa = XCBuildConfiguration;
			buildSettings = {
				ALWAYS_SEARCH_USER_PATHS = NO;
				CLANG_CXX_LANGUAGE_STANDARD = "gnu++0x";
				CLANG_CXX_LIBRARY = "libc++";
				CLANG_ENABLE_MODULES = YES;
				CLANG_ENABLE_OBJC_ARC = YES;
				CLANG_WARN_BOOL_CONVERSION = YES;
				CLANG_WARN_CONSTANT_CONVERSION = YES;
				CLANG_WARN_DIRECT_OBJC_ISA_USAGE = YES_ERROR;
				CLANG_WARN_EMPTY_BODY = YES;
				CLANG_WARN_ENUM_CONVERSION = YES;
				CLANG_WARN_INT_CONVERSION = YES;
				CLANG_WARN_OBJC_ROOT_CLASS = YES_ERROR;
				CLANG_WARN_UNREACHABLE_CODE = YES;
				CLANG_WARN__DUPLICATE_METHOD_MATCH = YES;
				"CODE_SIGN_IDENTITY[sdk=iphoneos*]" = "iPhone Developer";
				COPY_PHASE_STRIP = NO;
				DEBUG_INFORMATION_FORMAT = "dwarf-with-dsym";
				ENABLE_NS_ASSERTIONS = NO;
				ENABLE_STRICT_OBJC_MSGSEND = YES;
				GCC_C_LANGUAGE_STANDARD = gnu99;
				GCC_NO_COMMON_BLOCKS = YES;
				GCC_WARN_64_TO_32_BIT_CONVERSION = YES;
				GCC_WARN_ABOUT_RETURN_TYPE = YES_ERROR;
				GCC_WARN_UNDECLARED_SELECTOR = YES;
				GCC_WARN_UNINITIALIZED_AUTOS = YES_AGGRESSIVE;
				GCC_WARN_UNUSED_FUNCTION = YES;
				GCC_WARN_UNUSED_VARIABLE = YES;
				IPHONEOS_DEPLOYMENT_TARGET = 9.2;
				MTL_ENABLE_DEBUG_INFO = NO;
				SDKROOT = iphoneos;
				VALIDATE_PRODUCT = YES;
			};
			name = Release;
		};
		8B1C5F7D1C26A3DB00BE5854 /* Debug */ = {
			isa = XCBuildConfiguration;
			baseConfigurationReference = EBEDCEEA65607095847D88F0 /* Pods-Simple Weather.debug.xcconfig */;
			buildSettings = {
				ASSETCATALOG_COMPILER_APPICON_NAME = AppIcon;
				CODE_SIGN_IDENTITY = "iPhone Developer";
				INFOPLIST_FILE = "Simple Weather/Info.plist";
				IPHONEOS_DEPLOYMENT_TARGET = 8.0;
				LD_RUNPATH_SEARCH_PATHS = "$(inherited) @executable_path/Frameworks";
				PRODUCT_BUNDLE_IDENTIFIER = "SKS.Simple-Weather";
				PRODUCT_NAME = "$(TARGET_NAME)";
				TARGETED_DEVICE_FAMILY = 1;
			};
			name = Debug;
		};
		8B1C5F7E1C26A3DB00BE5854 /* Release */ = {
			isa = XCBuildConfiguration;
			baseConfigurationReference = 2FF358C97CDA79DA99DDAAAF /* Pods-Simple Weather.release.xcconfig */;
			buildSettings = {
				ASSETCATALOG_COMPILER_APPICON_NAME = AppIcon;
				CODE_SIGN_IDENTITY = "iPhone Developer";
				INFOPLIST_FILE = "Simple Weather/Info.plist";
				IPHONEOS_DEPLOYMENT_TARGET = 8.0;
				LD_RUNPATH_SEARCH_PATHS = "$(inherited) @executable_path/Frameworks";
				PRODUCT_BUNDLE_IDENTIFIER = "SKS.Simple-Weather";
				PRODUCT_NAME = "$(TARGET_NAME)";
				TARGETED_DEVICE_FAMILY = 1;
			};
			name = Release;
		};
		8B1C5F801C26A3DB00BE5854 /* Debug */ = {
			isa = XCBuildConfiguration;
			baseConfigurationReference = 24FA68DB86D44DB6B7CDA99A /* Pods-Simple WeatherTests.debug.xcconfig */;
			buildSettings = {
				BUNDLE_LOADER = "$(TEST_HOST)";
				INFOPLIST_FILE = "Simple WeatherTests/Info.plist";
				LD_RUNPATH_SEARCH_PATHS = "$(inherited) @executable_path/Frameworks @loader_path/Frameworks";
				PRODUCT_BUNDLE_IDENTIFIER = "SKS.Simple-WeatherTests";
				PRODUCT_NAME = "$(TARGET_NAME)";
				TEST_HOST = "$(BUILT_PRODUCTS_DIR)/Simple Weather.app/Simple Weather";
			};
			name = Debug;
		};
		8B1C5F811C26A3DB00BE5854 /* Release */ = {
			isa = XCBuildConfiguration;
			baseConfigurationReference = 4A40D4C7D93CD0633A5A77F4 /* Pods-Simple WeatherTests.release.xcconfig */;
			buildSettings = {
				BUNDLE_LOADER = "$(TEST_HOST)";
				INFOPLIST_FILE = "Simple WeatherTests/Info.plist";
				LD_RUNPATH_SEARCH_PATHS = "$(inherited) @executable_path/Frameworks @loader_path/Frameworks";
				PRODUCT_BUNDLE_IDENTIFIER = "SKS.Simple-WeatherTests";
				PRODUCT_NAME = "$(TARGET_NAME)";
				TEST_HOST = "$(BUILT_PRODUCTS_DIR)/Simple Weather.app/Simple Weather";
			};
			name = Release;
		};
		8B1C5F831C26A3DB00BE5854 /* Debug */ = {
			isa = XCBuildConfiguration;
			baseConfigurationReference = 99C7DB8D5B070CD101DEA993 /* Pods-Simple WeatherUITests.debug.xcconfig */;
			buildSettings = {
				INFOPLIST_FILE = "Simple WeatherUITests/Info.plist";
				LD_RUNPATH_SEARCH_PATHS = "$(inherited) @executable_path/Frameworks @loader_path/Frameworks";
				PRODUCT_BUNDLE_IDENTIFIER = "SKS.Simple-WeatherUITests";
				PRODUCT_NAME = "$(TARGET_NAME)";
				TEST_TARGET_NAME = "Simple Weather";
				USES_XCTRUNNER = YES;
			};
			name = Debug;
		};
		8B1C5F841C26A3DB00BE5854 /* Release */ = {
			isa = XCBuildConfiguration;
			baseConfigurationReference = 3327A8B709DDA3686BB97682 /* Pods-Simple WeatherUITests.release.xcconfig */;
			buildSettings = {
				INFOPLIST_FILE = "Simple WeatherUITests/Info.plist";
				LD_RUNPATH_SEARCH_PATHS = "$(inherited) @executable_path/Frameworks @loader_path/Frameworks";
				PRODUCT_BUNDLE_IDENTIFIER = "SKS.Simple-WeatherUITests";
				PRODUCT_NAME = "$(TARGET_NAME)";
				TEST_TARGET_NAME = "Simple Weather";
				USES_XCTRUNNER = YES;
			};
			name = Release;
		};
/* End XCBuildConfiguration section */

/* Begin XCConfigurationList section */
		8B1C5F4A1C26A3DB00BE5854 /* Build configuration list for PBXProject "Simple Weather" */ = {
			isa = XCConfigurationList;
			buildConfigurations = (
				8B1C5F7A1C26A3DB00BE5854 /* Debug */,
				8B1C5F7B1C26A3DB00BE5854 /* Release */,
			);
			defaultConfigurationIsVisible = 0;
			defaultConfigurationName = Release;
		};
		8B1C5F7C1C26A3DB00BE5854 /* Build configuration list for PBXNativeTarget "Simple Weather" */ = {
			isa = XCConfigurationList;
			buildConfigurations = (
				8B1C5F7D1C26A3DB00BE5854 /* Debug */,
				8B1C5F7E1C26A3DB00BE5854 /* Release */,
			);
			defaultConfigurationIsVisible = 0;
			defaultConfigurationName = Release;
		};
		8B1C5F7F1C26A3DB00BE5854 /* Build configuration list for PBXNativeTarget "Simple WeatherTests" */ = {
			isa = XCConfigurationList;
			buildConfigurations = (
				8B1C5F801C26A3DB00BE5854 /* Debug */,
				8B1C5F811C26A3DB00BE5854 /* Release */,
			);
			defaultConfigurationIsVisible = 0;
			defaultConfigurationName = Release;
		};
		8B1C5F821C26A3DB00BE5854 /* Build configuration list for PBXNativeTarget "Simple WeatherUITests" */ = {
			isa = XCConfigurationList;
			buildConfigurations = (
				8B1C5F831C26A3DB00BE5854 /* Debug */,
				8B1C5F841C26A3DB00BE5854 /* Release */,
			);
			defaultConfigurationIsVisible = 0;
			defaultConfigurationName = Release;
		};
/* End XCConfigurationList section */
	};
	rootObject = 8B1C5F471C26A3DB00BE5854 /* Project object */;
}
